
Microsoft Visual Studio Solution File, Format Version 12.00
# Visual Studio 2015
Project("{FAE04EC0-301F-11D3-BF4B-00C04F79EFBC}") = "Warcaby.CSharp", "Warcaby.CSharp.csproj", "{6766AA38-B84E-3F9A-116F-DBABD5D22B3A}"
EndProject
Global
	GlobalSection(SolutionConfigurationPlatforms) = preSolution
		Debug|Any CPU = Debug|Any CPU
		Release|Any CPU = Release|Any CPU
	EndGlobalSection
	GlobalSection(ProjectConfigurationPlatforms) = postSolution
		{6766AA38-B84E-3F9A-116F-DBABD5D22B3A}.Debug|Any CPU.ActiveCfg = Debug|Any CPU
		{6766AA38-B84E-3F9A-116F-DBABD5D22B3A}.Debug|Any CPU.Build.0 = Debug|Any CPU
		{6766AA38-B84E-3F9A-116F-DBABD5D22B3A}.Release|Any CPU.ActiveCfg = Release|Any CPU
		{6766AA38-B84E-3F9A-116F-DBABD5D22B3A}.Release|Any CPU.Build.0 = Release|Any CPU
	EndGlobalSection
	GlobalSection(SolutionProperties) = preSolution
		HideSolutionNode = FALSE
	EndGlobalSection
EndGlobal
